
Microsoft Visual Studio Solution File, Format Version 12.00
# Visual Studio Version 17
VisualStudioVersion = 17.6.33829.357
MinimumVisualStudioVersion = 10.0.40219.1
Project("{FAE04EC0-301F-11D3-BF4B-00C04F79EFBC}") = "RSSFeedLoaderService", "RSSFeedLoaderService\RSSFeedLoaderService.csproj", "{DA1321B5-D032-48E6-BD5F-F9E287934934}"
EndProject
Global
	GlobalSection(SolutionConfigurationPlatforms) = preSolution
		Debug|Any CPU = Debug|Any CPU
		Release|Any CPU = Release|Any CPU
	EndGlobalSection
	GlobalSection(ProjectConfigurationPlatforms) = postSolution
		{DA1321B5-D032-48E6-BD5F-F9E287934934}.Debug|Any CPU.ActiveCfg = Debug|Any CPU
		{DA1321B5-D032-48E6-BD5F-F9E287934934}.Debug|Any CPU.Build.0 = Debug|Any CPU
		{DA1321B5-D032-48E6-BD5F-F9E287934934}.Release|Any CPU.ActiveCfg = Release|Any CPU
		{DA1321B5-D032-48E6-BD5F-F9E287934934}.Release|Any CPU.Build.0 = Release|Any CPU
	EndGlobalSection
	GlobalSection(SolutionProperties) = preSolution
		HideSolutionNode = FALSE
	EndGlobalSection
	GlobalSection(ExtensibilityGlobals) = postSolution
		SolutionGuid = {B59CF051-F0A0-4251-B877-089F087EF274}
	EndGlobalSection
EndGlobal
